PODS:
  - Alamofire (4.4.0)
  - Eureka (3.0.0)
  - Font-Awesome-Swift (1.6.2)
  - KDCircularProgress (1.5.2)
  - SwiftyJSON (3.1.4)

DEPENDENCIES:
  - Alamofire (~> 4.4)
  - Eureka
  - Font-Awesome-Swift (~> 1.6.2)
  - KDCircularProgress
  - SwiftyJSON

SPEC CHECKSUMS:
  Alamofire: dc44b1600b800eb63da6a19039a0083d62a6a62d
  Eureka: f36fd440c3ebb7bfea0a4fbe6f16a05f1cb35906
  Font-Awesome-Swift: 4dc96df73b5f32aaccdee50a454c3ec253ee4977
  KDCircularProgress: 12f677b2deb02409ab48c6cae1898d146b8ad549
  SwiftyJSON: c2842d878f95482ffceec5709abc3d05680c0220

PODFILE CHECKSUM: fad2fd90a0eab611950074dd45a9d26cd83b80ea

COCOAPODS: 1.2.1
